
Microsoft Visual Studio Solution File, Format Version 12.00
# Visual Studio Version 17
VisualStudioVersion = 17.5.002.0
MinimumVisualStudioVersion = 10.0.40219.1
Project("{9A19103F-16F7-4668-BE54-9A1E7A4F7556}") = "pipelines-dotnet-core", "pipelines-dotnet-core.csproj", "{B6E92858-0049-47D8-97E8-7EB0491E9E0B}"
EndProject
Global
	GlobalSection(SolutionConfigurationPlatforms) = preSolution
		Debug|Any CPU = Debug|Any CPU
		Release|Any CPU = Release|Any CPU
	EndGlobalSection
	GlobalSection(ProjectConfigurationPlatforms) = postSolution
		{B6E92858-0049-47D8-97E8-7EB0491E9E0B}.Debug|Any CPU.ActiveCfg = Debug|Any CPU
		{B6E92858-0049-47D8-97E8-7EB0491E9E0B}.Debug|Any CPU.Build.0 = Debug|Any CPU
		{B6E92858-0049-47D8-97E8-7EB0491E9E0B}.Release|Any CPU.ActiveCfg = Release|Any CPU
		{B6E92858-0049-47D8-97E8-7EB0491E9E0B}.Release|Any CPU.Build.0 = Release|Any CPU
	EndGlobalSection
	GlobalSection(SolutionProperties) = preSolution
		HideSolutionNode = FALSE
	EndGlobalSection
	GlobalSection(ExtensibilityGlobals) = postSolution
		SolutionGuid = {5282DE8D-1797-40B2-BAA6-0A21F6F84F65}
	EndGlobalSection
EndGlobal
